
Microsoft Visual Studio Solution File, Format Version 12.00
# Visual Studio Version 16
VisualStudioVersion = 16.0.29009.5
MinimumVisualStudioVersion = 10.0.40219.1
Project("{FAE04EC0-301F-11D3-BF4B-00C04F79EFBC}") = "RemoteMIDI", "RemoteMIDI\RemoteMIDI.csproj", "{2A36E62A-0C57-4D49-A448-025EBA7D84BF}"
EndProject
Global
	GlobalSection(SolutionConfigurationPlatforms) = preSolution
		Debug|Any CPU = Debug|Any CPU
		Release|Any CPU = Release|Any CPU
	EndGlobalSection
	GlobalSection(ProjectConfigurationPlatforms) = postSolution
		{2A36E62A-0C57-4D49-A448-025EBA7D84BF}.Debug|Any CPU.ActiveCfg = Debug|Any CPU
		{2A36E62A-0C57-4D49-A448-025EBA7D84BF}.Debug|Any CPU.Build.0 = Debug|Any CPU
		{2A36E62A-0C57-4D49-A448-025EBA7D84BF}.Release|Any CPU.ActiveCfg = Release|Any CPU
		{2A36E62A-0C57-4D49-A448-025EBA7D84BF}.Release|Any CPU.Build.0 = Release|Any CPU
	EndGlobalSection
	GlobalSection(SolutionProperties) = preSolution
		HideSolutionNode = FALSE
	EndGlobalSection
	GlobalSection(ExtensibilityGlobals) = postSolution
		SolutionGuid = {83B3C536-210B-4AA4-8EBB-47238E98F80F}
	EndGlobalSection
EndGlobal
